
Microsoft Visual Studio Solution File, Format Version 12.00
# Visual Studio Version 17
VisualStudioVersion = 17.5.002.0
MinimumVisualStudioVersion = 10.0.40219.1
Project("{9A19103F-16F7-4668-BE54-9A1E7A4F7556}") = "API", "API\API.csproj", "{E9EEA752-8211-4ACE-BFF7-26A1AD9738BB}"
EndProject
Project("{9A19103F-16F7-4668-BE54-9A1E7A4F7556}") = "Worker", "Worker\Worker.csproj", "{BEED0A00-127B-4AC8-B3C7-696DFEFA6CC0}"
EndProject
Global
	GlobalSection(SolutionConfigurationPlatforms) = preSolution
		Debug|Any CPU = Debug|Any CPU
		Release|Any CPU = Release|Any CPU
	EndGlobalSection
	GlobalSection(ProjectConfigurationPlatforms) = postSolution
		{E9EEA752-8211-4ACE-BFF7-26A1AD9738BB}.Debug|Any CPU.ActiveCfg = Debug|Any CPU
		{E9EEA752-8211-4ACE-BFF7-26A1AD9738BB}.Debug|Any CPU.Build.0 = Debug|Any CPU
		{E9EEA752-8211-4ACE-BFF7-26A1AD9738BB}.Release|Any CPU.ActiveCfg = Release|Any CPU
		{E9EEA752-8211-4ACE-BFF7-26A1AD9738BB}.Release|Any CPU.Build.0 = Release|Any CPU
		{BEED0A00-127B-4AC8-B3C7-696DFEFA6CC0}.Debug|Any CPU.ActiveCfg = Debug|Any CPU
		{BEED0A00-127B-4AC8-B3C7-696DFEFA6CC0}.Debug|Any CPU.Build.0 = Debug|Any CPU
		{BEED0A00-127B-4AC8-B3C7-696DFEFA6CC0}.Release|Any CPU.ActiveCfg = Release|Any CPU
		{BEED0A00-127B-4AC8-B3C7-696DFEFA6CC0}.Release|Any CPU.Build.0 = Release|Any CPU
	EndGlobalSection
	GlobalSection(SolutionProperties) = preSolution
		HideSolutionNode = FALSE
	EndGlobalSection
	GlobalSection(ExtensibilityGlobals) = postSolution
		SolutionGuid = {526CC6B6-7C92-4CA5-9EB4-C9CC2DF0F61E}
	EndGlobalSection
EndGlobal
